
Microsoft Visual Studio Solution File, Format Version 12.00
# Visual Studio Version 17
VisualStudioVersion = 17.0.31903.59
MinimumVisualStudioVersion = 10.0.40219.1
Project("{2150E333-8FDC-42A3-9474-1A3956D46DE8}") = "LMS", "LMS", "{1056330D-E7ED-636E-D487-14786E55E509}"
EndProject
Project("{2150E333-8FDC-42A3-9474-1A3956D46DE8}") = "src", "src", "{E65AE67F-2340-C959-1470-FAF9DAF2A26F}"
EndProject
Project("{FAE04EC0-301F-11D3-BF4B-00C04F79EFBC}") = "LMS.API", "LMS\src\LMS.API\LMS.API.csproj", "{5F66C584-FEB9-4651-B341-C53264998F89}"
EndProject
Project("{FAE04EC0-301F-11D3-BF4B-00C04F79EFBC}") = "LMS.Application", "LMS\src\LMS.Application\LMS.Application.csproj", "{7D9E8FB2-5AC1-42F8-972C-7DC6B05E1D50}"
EndProject
Project("{FAE04EC0-301F-11D3-BF4B-00C04F79EFBC}") = "LMS.Domain", "LMS\src\LMS.Domain\LMS.Domain.csproj", "{D4E21DA6-A981-4A88-B75C-96E0FD45D354}"
EndProject
Project("{FAE04EC0-301F-11D3-BF4B-00C04F79EFBC}") = "LMS.Shared", "LMS\src\LMS.Shared\LMS.Shared.csproj", "{B182E6EE-2BCB-44F0-BBF5-10ED6CC2E0E8}"
EndProject
Project("{FAE04EC0-301F-11D3-BF4B-00C04F79EFBC}") = "LMS.Infrastructure", "LMS\src\LMS.Infrastructure\LMS.Infrastructure.csproj", "{273A77F0-6AC8-4772-89F2-1FD9105BB2A3}"
EndProject
Project("{2150E333-8FDC-42A3-9474-1A3956D46DE8}") = "tests", "tests", "{395AD1AE-5EB2-EB2E-6D68-5224D73F37ED}"
EndProject
Project("{FAE04EC0-301F-11D3-BF4B-00C04F79EFBC}") = "LMS.API.IntegrationTests", "LMS\tests\LMS.API.IntegrationTests\LMS.API.IntegrationTests.csproj", "{04586930-FB09-4763-B48E-FD73414E6C28}"
EndProject
Project("{FAE04EC0-301F-11D3-BF4B-00C04F79EFBC}") = "LMS.Application.UnitTests", "LMS\tests\LMS.Application.UnitTests\LMS.Application.UnitTests.csproj", "{EF9D6F1D-EDAC-4EA0-9D24-8789B071C8FE}"
EndProject
Project("{2150E333-8FDC-42A3-9474-1A3956D46DE8}") = "SimpleLMS", "SimpleLMS", "{41C58E5C-613A-00B5-B171-5FD54C5C475F}"
EndProject
Project("{2150E333-8FDC-42A3-9474-1A3956D46DE8}") = "src", "src", "{FBE84187-BE1C-9E1C-F4F6-2737BE94BBEE}"
EndProject
Project("{FAE04EC0-301F-11D3-BF4B-00C04F79EFBC}") = "SimpleLMS.API", "SimpleLMS\src\SimpleLMS.API\SimpleLMS.API.csproj", "{E722E0E2-ED79-413E-83DE-38C0DE6B5CC7}"
EndProject
Project("{FAE04EC0-301F-11D3-BF4B-00C04F79EFBC}") = "SimpleLMS.Application", "SimpleLMS\src\SimpleLMS.Application\SimpleLMS.Application.csproj", "{2495EBA9-F6FA-4EEE-ABF8-959E9F0B1E12}"
EndProject
Project("{FAE04EC0-301F-11D3-BF4B-00C04F79EFBC}") = "SimpleLMS.Domain", "SimpleLMS\src\SimpleLMS.Domain\SimpleLMS.Domain.csproj", "{B7E76DAE-A297-4C54-8EA8-C64D6C6B4905}"
EndProject
Project("{FAE04EC0-301F-11D3-BF4B-00C04F79EFBC}") = "SimpleLMS.Infrastructure", "SimpleLMS\src\SimpleLMS.Infrastructure\SimpleLMS.Infrastructure.csproj", "{E973CC05-1654-4D5D-958E-91D5131C5E42}"
EndProject
Project("{2150E333-8FDC-42A3-9474-1A3956D46DE8}") = "tests", "tests", "{F50BF854-BB38-BE7A-2DD4-6B7819901E83}"
EndProject
Project("{FAE04EC0-301F-11D3-BF4B-00C04F79EFBC}") = "SimpleLMS.Tests", "SimpleLMS\tests\SimpleLMS.Tests\SimpleLMS.Tests.csproj", "{E80CA44E-E7BE-437C-8D19-F48092F554B9}"
EndProject
Project("{FAE04EC0-301F-11D3-BF4B-00C04F79EFBC}") = "LMS.Domain.UnitTests", "LMS\tests\LMS.Domain.UnitTests\LMS.Domain.UnitTests.csproj", "{E041CFD1-C69C-4B31-90AC-ACF5EB9F10EB}"
EndProject
Project("{FAE04EC0-301F-11D3-BF4B-00C04F79EFBC}") = "LMS.Infrastructure.IntegrationTests", "LMS\tests\LMS.Infrastructure.IntegrationTests\LMS.Infrastructure.IntegrationTests.csproj", "{ECAC6128-790B-439A-8BCE-813EE1F56884}"
EndProject
Global
	GlobalSection(SolutionConfigurationPlatforms) = preSolution
		Debug|Any CPU = Debug|Any CPU
		Debug|x64 = Debug|x64
		Debug|x86 = Debug|x86
		Release|Any CPU = Release|Any CPU
		Release|x64 = Release|x64
		Release|x86 = Release|x86
	EndGlobalSection
	GlobalSection(ProjectConfigurationPlatforms) = postSolution
		{5F66C584-FEB9-4651-B341-C53264998F89}.Debug|Any CPU.ActiveCfg = Debug|Any CPU
		{5F66C584-FEB9-4651-B341-C53264998F89}.Debug|Any CPU.Build.0 = Debug|Any CPU
		{5F66C584-FEB9-4651-B341-C53264998F89}.Debug|x64.ActiveCfg = Debug|Any CPU
		{5F66C584-FEB9-4651-B341-C53264998F89}.Debug|x64.Build.0 = Debug|Any CPU
		{5F66C584-FEB9-4651-B341-C53264998F89}.Debug|x86.ActiveCfg = Debug|Any CPU
		{5F66C584-FEB9-4651-B341-C53264998F89}.Debug|x86.Build.0 = Debug|Any CPU
		{5F66C584-FEB9-4651-B341-C53264998F89}.Release|Any CPU.ActiveCfg = Release|Any CPU
		{5F66C584-FEB9-4651-B341-C53264998F89}.Release|Any CPU.Build.0 = Release|Any CPU
		{5F66C584-FEB9-4651-B341-C53264998F89}.Release|x64.ActiveCfg = Release|Any CPU
		{5F66C584-FEB9-4651-B341-C53264998F89}.Release|x64.Build.0 = Release|Any CPU
		{5F66C584-FEB9-4651-B341-C53264998F89}.Release|x86.ActiveCfg = Release|Any CPU
		{5F66C584-FEB9-4651-B341-C53264998F89}.Release|x86.Build.0 = Release|Any CPU
		{7D9E8FB2-5AC1-42F8-972C-7DC6B05E1D50}.Debug|Any CPU.ActiveCfg = Debug|Any CPU
		{7D9E8FB2-5AC1-42F8-972C-7DC6B05E1D50}.Debug|Any CPU.Build.0 = Debug|Any CPU
		{7D9E8FB2-5AC1-42F8-972C-7DC6B05E1D50}.Debug|x64.ActiveCfg = Debug|Any CPU
		{7D9E8FB2-5AC1-42F8-972C-7DC6B05E1D50}.Debug|x64.Build.0 = Debug|Any CPU
		{7D9E8FB2-5AC1-42F8-972C-7DC6B05E1D50}.Debug|x86.ActiveCfg = Debug|Any CPU
		{7D9E8FB2-5AC1-42F8-972C-7DC6B05E1D50}.Debug|x86.Build.0 = Debug|Any CPU
		{7D9E8FB2-5AC1-42F8-972C-7DC6B05E1D50}.Release|Any CPU.ActiveCfg = Release|Any CPU
		{7D9E8FB2-5AC1-42F8-972C-7DC6B05E1D50}.Release|Any CPU.Build.0 = Release|Any CPU
		{7D9E8FB2-5AC1-42F8-972C-7DC6B05E1D50}.Release|x64.ActiveCfg = Release|Any CPU
		{7D9E8FB2-5AC1-42F8-972C-7DC6B05E1D50}.Release|x64.Build.0 = Release|Any CPU
		{7D9E8FB2-5AC1-42F8-972C-7DC6B05E1D50}.Release|x86.ActiveCfg = Release|Any CPU
		{7D9E8FB2-5AC1-42F8-972C-7DC6B05E1D50}.Release|x86.Build.0 = Release|Any CPU
		{D4E21DA6-A981-4A88-B75C-96E0FD45D354}.Debug|Any CPU.ActiveCfg = Debug|Any CPU
		{D4E21DA6-A981-4A88-B75C-96E0FD45D354}.Debug|Any CPU.Build.0 = Debug|Any CPU
		{D4E21DA6-A981-4A88-B75C-96E0FD45D354}.Debug|x64.ActiveCfg = Debug|Any CPU
		{D4E21DA6-A981-4A88-B75C-96E0FD45D354}.Debug|x64.Build.0 = Debug|Any CPU
		{D4E21DA6-A981-4A88-B75C-96E0FD45D354}.Debug|x86.ActiveCfg = Debug|Any CPU
		{D4E21DA6-A981-4A88-B75C-96E0FD45D354}.Debug|x86.Build.0 = Debug|Any CPU
		{D4E21DA6-A981-4A88-B75C-96E0FD45D354}.Release|Any CPU.ActiveCfg = Release|Any CPU
		{D4E21DA6-A981-4A88-B75C-96E0FD45D354}.Release|Any CPU.Build.0 = Release|Any CPU
		{D4E21DA6-A981-4A88-B75C-96E0FD45D354}.Release|x64.ActiveCfg = Release|Any CPU
		{D4E21DA6-A981-4A88-B75C-96E0FD45D354}.Release|x64.Build.0 = Release|Any CPU
		{D4E21DA6-A981-4A88-B75C-96E0FD45D354}.Release|x86.ActiveCfg = Release|Any CPU
		{D4E21DA6-A981-4A88-B75C-96E0FD45D354}.Release|x86.Build.0 = Release|Any CPU
		{B182E6EE-2BCB-44F0-BBF5-10ED6CC2E0E8}.Debug|Any CPU.ActiveCfg = Debug|Any CPU
		{B182E6EE-2BCB-44F0-BBF5-10ED6CC2E0E8}.Debug|Any CPU.Build.0 = Debug|Any CPU
		{B182E6EE-2BCB-44F0-BBF5-10ED6CC2E0E8}.Debug|x64.ActiveCfg = Debug|Any CPU
		{B182E6EE-2BCB-44F0-BBF5-10ED6CC2E0E8}.Debug|x64.Build.0 = Debug|Any CPU
		{B182E6EE-2BCB-44F0-BBF5-10ED6CC2E0E8}.Debug|x86.ActiveCfg = Debug|Any CPU
		{B182E6EE-2BCB-44F0-BBF5-10ED6CC2E0E8}.Debug|x86.Build.0 = Debug|Any CPU
		{B182E6EE-2BCB-44F0-BBF5-10ED6CC2E0E8}.Release|Any CPU.ActiveCfg = Release|Any CPU
		{B182E6EE-2BCB-44F0-BBF5-10ED6CC2E0E8}.Release|Any CPU.Build.0 = Release|Any CPU
		{B182E6EE-2BCB-44F0-BBF5-10ED6CC2E0E8}.Release|x64.ActiveCfg = Release|Any CPU
		{B182E6EE-2BCB-44F0-BBF5-10ED6CC2E0E8}.Release|x64.Build.0 = Release|Any CPU
		{B182E6EE-2BCB-44F0-BBF5-10ED6CC2E0E8}.Release|x86.ActiveCfg = Release|Any CPU
		{B182E6EE-2BCB-44F0-BBF5-10ED6CC2E0E8}.Release|x86.Build.0 = Release|Any CPU
		{273A77F0-6AC8-4772-89F2-1FD9105BB2A3}.Debug|Any CPU.ActiveCfg = Debug|Any CPU
		{273A77F0-6AC8-4772-89F2-1FD9105BB2A3}.Debug|Any CPU.Build.0 = Debug|Any CPU
		{273A77F0-6AC8-4772-89F2-1FD9105BB2A3}.Debug|x64.ActiveCfg = Debug|Any CPU
		{273A77F0-6AC8-4772-89F2-1FD9105BB2A3}.Debug|x64.Build.0 = Debug|Any CPU
		{273A77F0-6AC8-4772-89F2-1FD9105BB2A3}.Debug|x86.ActiveCfg = Debug|Any CPU
		{273A77F0-6AC8-4772-89F2-1FD9105BB2A3}.Debug|x86.Build.0 = Debug|Any CPU
		{273A77F0-6AC8-4772-89F2-1FD9105BB2A3}.Release|Any CPU.ActiveCfg = Release|Any CPU
		{273A77F0-6AC8-4772-89F2-1FD9105BB2A3}.Release|Any CPU.Build.0 = Release|Any CPU
		{273A77F0-6AC8-4772-89F2-1FD9105BB2A3}.Release|x64.ActiveCfg = Release|Any CPU
		{273A77F0-6AC8-4772-89F2-1FD9105BB2A3}.Release|x64.Build.0 = Release|Any CPU
		{273A77F0-6AC8-4772-89F2-1FD9105BB2A3}.Release|x86.ActiveCfg = Release|Any CPU
		{273A77F0-6AC8-4772-89F2-1FD9105BB2A3}.Release|x86.Build.0 = Release|Any CPU
		{04586930-FB09-4763-B48E-FD73414E6C28}.Debug|Any CPU.ActiveCfg = Debug|Any CPU
		{04586930-FB09-4763-B48E-FD73414E6C28}.Debug|Any CPU.Build.0 = Debug|Any CPU
		{04586930-FB09-4763-B48E-FD73414E6C28}.Debug|x64.ActiveCfg = Debug|Any CPU
		{04586930-FB09-4763-B48E-FD73414E6C28}.Debug|x64.Build.0 = Debug|Any CPU
		{04586930-FB09-4763-B48E-FD73414E6C28}.Debug|x86.ActiveCfg = Debug|Any CPU
		{04586930-FB09-4763-B48E-FD73414E6C28}.Debug|x86.Build.0 = Debug|Any CPU
		{04586930-FB09-4763-B48E-FD73414E6C28}.Release|Any CPU.ActiveCfg = Release|Any CPU
		{04586930-FB09-4763-B48E-FD73414E6C28}.Release|Any CPU.Build.0 = Release|Any CPU
		{04586930-FB09-4763-B48E-FD73414E6C28}.Release|x64.ActiveCfg = Release|Any CPU
		{04586930-FB09-4763-B48E-FD73414E6C28}.Release|x64.Build.0 = Release|Any CPU
		{04586930-FB09-4763-B48E-FD73414E6C28}.Release|x86.ActiveCfg = Release|Any CPU
		{04586930-FB09-4763-B48E-FD73414E6C28}.Release|x86.Build.0 = Release|Any CPU
		{EF9D6F1D-EDAC-4EA0-9D24-8789B071C8FE}.Debug|Any CPU.ActiveCfg = Debug|Any CPU
		{EF9D6F1D-EDAC-4EA0-9D24-8789B071C8FE}.Debug|Any CPU.Build.0 = Debug|Any CPU
		{EF9D6F1D-EDAC-4EA0-9D24-8789B071C8FE}.Debug|x64.ActiveCfg = Debug|Any CPU
		{EF9D6F1D-EDAC-4EA0-9D24-8789B071C8FE}.Debug|x64.Build.0 = Debug|Any CPU
		{EF9D6F1D-EDAC-4EA0-9D24-8789B071C8FE}.Debug|x86.ActiveCfg = Debug|Any CPU
		{EF9D6F1D-EDAC-4EA0-9D24-8789B071C8FE}.Debug|x86.Build.0 = Debug|Any CPU
		{EF9D6F1D-EDAC-4EA0-9D24-8789B071C8FE}.Release|Any CPU.ActiveCfg = Release|Any CPU
		{EF9D6F1D-EDAC-4EA0-9D24-8789B071C8FE}.Release|Any CPU.Build.0 = Release|Any CPU
		{EF9D6F1D-EDAC-4EA0-9D24-8789B071C8FE}.Release|x64.ActiveCfg = Release|Any CPU
		{EF9D6F1D-EDAC-4EA0-9D24-8789B071C8FE}.Release|x64.Build.0 = Release|Any CPU
		{EF9D6F1D-EDAC-4EA0-9D24-8789B071C8FE}.Release|x86.ActiveCfg = Release|Any CPU
		{EF9D6F1D-EDAC-4EA0-9D24-8789B071C8FE}.Release|x86.Build.0 = Release|Any CPU
		{E722E0E2-ED79-413E-83DE-38C0DE6B5CC7}.Debug|Any CPU.ActiveCfg = Debug|Any CPU
		{E722E0E2-ED79-413E-83DE-38C0DE6B5CC7}.Debug|Any CPU.Build.0 = Debug|Any CPU
		{E722E0E2-ED79-413E-83DE-38C0DE6B5CC7}.Debug|x64.ActiveCfg = Debug|Any CPU
		{E722E0E2-ED79-413E-83DE-38C0DE6B5CC7}.Debug|x64.Build.0 = Debug|Any CPU
		{E722E0E2-ED79-413E-83DE-38C0DE6B5CC7}.Debug|x86.ActiveCfg = Debug|Any CPU
		{E722E0E2-ED79-413E-83DE-38C0DE6B5CC7}.Debug|x86.Build.0 = Debug|Any CPU
		{E722E0E2-ED79-413E-83DE-38C0DE6B5CC7}.Release|Any CPU.ActiveCfg = Release|Any CPU
		{E722E0E2-ED79-413E-83DE-38C0DE6B5CC7}.Release|Any CPU.Build.0 = Release|Any CPU
		{E722E0E2-ED79-413E-83DE-38C0DE6B5CC7}.Release|x64.ActiveCfg = Release|Any CPU
		{E722E0E2-ED79-413E-83DE-38C0DE6B5CC7}.Release|x64.Build.0 = Release|Any CPU
		{E722E0E2-ED79-413E-83DE-38C0DE6B5CC7}.Release|x86.ActiveCfg = Release|Any CPU
		{E722E0E2-ED79-413E-83DE-38C0DE6B5CC7}.Release|x86.Build.0 = Release|Any CPU
		{2495EBA9-F6FA-4EEE-ABF8-959E9F0B1E12}.Debug|Any CPU.ActiveCfg = Debug|Any CPU
		{2495EBA9-F6FA-4EEE-ABF8-959E9F0B1E12}.Debug|Any CPU.Build.0 = Debug|Any CPU
		{2495EBA9-F6FA-4EEE-ABF8-959E9F0B1E12}.Debug|x64.ActiveCfg = Debug|Any CPU
		{2495EBA9-F6FA-4EEE-ABF8-959E9F0B1E12}.Debug|x64.Build.0 = Debug|Any CPU
		{2495EBA9-F6FA-4EEE-ABF8-959E9F0B1E12}.Debug|x86.ActiveCfg = Debug|Any CPU
		{2495EBA9-F6FA-4EEE-ABF8-959E9F0B1E12}.Debug|x86.Build.0 = Debug|Any CPU
		{2495EBA9-F6FA-4EEE-ABF8-959E9F0B1E12}.Release|Any CPU.ActiveCfg = Release|Any CPU
		{2495EBA9-F6FA-4EEE-ABF8-959E9F0B1E12}.Release|Any CPU.Build.0 = Release|Any CPU
		{2495EBA9-F6FA-4EEE-ABF8-959E9F0B1E12}.Release|x64.ActiveCfg = Release|Any CPU
		{2495EBA9-F6FA-4EEE-ABF8-959E9F0B1E12}.Release|x64.Build.0 = Release|Any CPU
		{2495EBA9-F6FA-4EEE-ABF8-959E9F0B1E12}.Release|x86.ActiveCfg = Release|Any CPU
		{2495EBA9-F6FA-4EEE-ABF8-959E9F0B1E12}.Release|x86.Build.0 = Release|Any CPU
		{B7E76DAE-A297-4C54-8EA8-C64D6C6B4905}.Debug|Any CPU.ActiveCfg = Debug|Any CPU
		{B7E76DAE-A297-4C54-8EA8-C64D6C6B4905}.Debug|Any CPU.Build.0 = Debug|Any CPU
		{B7E76DAE-A297-4C54-8EA8-C64D6C6B4905}.Debug|x64.ActiveCfg = Debug|Any CPU
		{B7E76DAE-A297-4C54-8EA8-C64D6C6B4905}.Debug|x64.Build.0 = Debug|Any CPU
		{B7E76DAE-A297-4C54-8EA8-C64D6C6B4905}.Debug|x86.ActiveCfg = Debug|Any CPU
		{B7E76DAE-A297-4C54-8EA8-C64D6C6B4905}.Debug|x86.Build.0 = Debug|Any CPU
		{B7E76DAE-A297-4C54-8EA8-C64D6C6B4905}.Release|Any CPU.ActiveCfg = Release|Any CPU
		{B7E76DAE-A297-4C54-8EA8-C64D6C6B4905}.Release|Any CPU.Build.0 = Release|Any CPU
		{B7E76DAE-A297-4C54-8EA8-C64D6C6B4905}.Release|x64.ActiveCfg = Release|Any CPU
		{B7E76DAE-A297-4C54-8EA8-C64D6C6B4905}.Release|x64.Build.0 = Release|Any CPU
		{B7E76DAE-A297-4C54-8EA8-C64D6C6B4905}.Release|x86.ActiveCfg = Release|Any CPU
		{B7E76DAE-A297-4C54-8EA8-C64D6C6B4905}.Release|x86.Build.0 = Release|Any CPU
		{E973CC05-1654-4D5D-958E-91D5131C5E42}.Debug|Any CPU.ActiveCfg = Debug|Any CPU
		{E973CC05-1654-4D5D-958E-91D5131C5E42}.Debug|Any CPU.Build.0 = Debug|Any CPU
		{E973CC05-1654-4D5D-958E-91D5131C5E42}.Debug|x64.ActiveCfg = Debug|Any CPU
		{E973CC05-1654-4D5D-958E-91D5131C5E42}.Debug|x64.Build.0 = Debug|Any CPU
		{E973CC05-1654-4D5D-958E-91D5131C5E42}.Debug|x86.ActiveCfg = Debug|Any CPU
		{E973CC05-1654-4D5D-958E-91D5131C5E42}.Debug|x86.Build.0 = Debug|Any CPU
		{E973CC05-1654-4D5D-958E-91D5131C5E42}.Release|Any CPU.ActiveCfg = Release|Any CPU
		{E973CC05-1654-4D5D-958E-91D5131C5E42}.Release|Any CPU.Build.0 = Release|Any CPU
		{E973CC05-1654-4D5D-958E-91D5131C5E42}.Release|x64.ActiveCfg = Release|Any CPU
		{E973CC05-1654-4D5D-958E-91D5131C5E42}.Release|x64.Build.0 = Release|Any CPU
		{E973CC05-1654-4D5D-958E-91D5131C5E42}.Release|x86.ActiveCfg = Release|Any CPU
		{E973CC05-1654-4D5D-958E-91D5131C5E42}.Release|x86.Build.0 = Release|Any CPU
		{E80CA44E-E7BE-437C-8D19-F48092F554B9}.Debug|Any CPU.ActiveCfg = Debug|Any CPU
		{E80CA44E-E7BE-437C-8D19-F48092F554B9}.Debug|Any CPU.Build.0 = Debug|Any CPU
		{E80CA44E-E7BE-437C-8D19-F48092F554B9}.Debug|x64.ActiveCfg = Debug|Any CPU
		{E80CA44E-E7BE-437C-8D19-F48092F554B9}.Debug|x64.Build.0 = Debug|Any CPU
		{E80CA44E-E7BE-437C-8D19-F48092F554B9}.Debug|x86.ActiveCfg = Debug|Any CPU
		{E80CA44E-E7BE-437C-8D19-F48092F554B9}.Debug|x86.Build.0 = Debug|Any CPU
		{E80CA44E-E7BE-437C-8D19-F48092F554B9}.Release|Any CPU.ActiveCfg = Release|Any CPU
		{E80CA44E-E7BE-437C-8D19-F48092F554B9}.Release|Any CPU.Build.0 = Release|Any CPU
		{E80CA44E-E7BE-437C-8D19-F48092F554B9}.Release|x64.ActiveCfg = Release|Any CPU
		{E80CA44E-E7BE-437C-8D19-F48092F554B9}.Release|x64.Build.0 = Release|Any CPU
		{E80CA44E-E7BE-437C-8D19-F48092F554B9}.Release|x86.ActiveCfg = Release|Any CPU
		{E80CA44E-E7BE-437C-8D19-F48092F554B9}.Release|x86.Build.0 = Release|Any CPU
		{E041CFD1-C69C-4B31-90AC-ACF5EB9F10EB}.Debug|Any CPU.ActiveCfg = Debug|Any CPU
		{E041CFD1-C69C-4B31-90AC-ACF5EB9F10EB}.Debug|Any CPU.Build.0 = Debug|Any CPU
		{E041CFD1-C69C-4B31-90AC-ACF5EB9F10EB}.Debug|x64.ActiveCfg = Debug|Any CPU
		{E041CFD1-C69C-4B31-90AC-ACF5EB9F10EB}.Debug|x64.Build.0 = Debug|Any CPU
		{E041CFD1-C69C-4B31-90AC-ACF5EB9F10EB}.Debug|x86.ActiveCfg = Debug|Any CPU
		{E041CFD1-C69C-4B31-90AC-ACF5EB9F10EB}.Debug|x86.Build.0 = Debug|Any CPU
		{E041CFD1-C69C-4B31-90AC-ACF5EB9F10EB}.Release|Any CPU.ActiveCfg = Release|Any CPU
		{E041CFD1-C69C-4B31-90AC-ACF5EB9F10EB}.Release|Any CPU.Build.0 = Release|Any CPU
		{E041CFD1-C69C-4B31-90AC-ACF5EB9F10EB}.Release|x64.ActiveCfg = Release|Any CPU
		{E041CFD1-C69C-4B31-90AC-ACF5EB9F10EB}.Release|x64.Build.0 = Release|Any CPU
		{E041CFD1-C69C-4B31-90AC-ACF5EB9F10EB}.Release|x86.ActiveCfg = Release|Any CPU
		{E041CFD1-C69C-4B31-90AC-ACF5EB9F10EB}.Release|x86.Build.0 = Release|Any CPU
		{ECAC6128-790B-439A-8BCE-813EE1F56884}.Debug|Any CPU.ActiveCfg = Debug|Any CPU
		{ECAC6128-790B-439A-8BCE-813EE1F56884}.Debug|Any CPU.Build.0 = Debug|Any CPU
		{ECAC6128-790B-439A-8BCE-813EE1F56884}.Debug|x64.ActiveCfg = Debug|Any CPU
		{ECAC6128-790B-439A-8BCE-813EE1F56884}.Debug|x64.Build.0 = Debug|Any CPU
		{ECAC6128-790B-439A-8BCE-813EE1F56884}.Debug|x86.ActiveCfg = Debug|Any CPU
		{ECAC6128-790B-439A-8BCE-813EE1F56884}.Debug|x86.Build.0 = Debug|Any CPU
		{ECAC6128-790B-439A-8BCE-813EE1F56884}.Release|Any CPU.ActiveCfg = Release|Any CPU
		{ECAC6128-790B-439A-8BCE-813EE1F56884}.Release|Any CPU.Build.0 = Release|Any CPU
		{ECAC6128-790B-439A-8BCE-813EE1F56884}.Release|x64.ActiveCfg = Release|Any CPU
		{ECAC6128-790B-439A-8BCE-813EE1F56884}.Release|x64.Build.0 = Release|Any CPU
		{ECAC6128-790B-439A-8BCE-813EE1F56884}.Release|x86.ActiveCfg = Release|Any CPU
		{ECAC6128-790B-439A-8BCE-813EE1F56884}.Release|x86.Build.0 = Release|Any CPU
	EndGlobalSection
	GlobalSection(SolutionProperties) = preSolution
		HideSolutionNode = FALSE
	EndGlobalSection
	GlobalSection(NestedProjects) = preSolution
		{E65AE67F-2340-C959-1470-FAF9DAF2A26F} = {1056330D-E7ED-636E-D487-14786E55E509}
		{5F66C584-FEB9-4651-B341-C53264998F89} = {E65AE67F-2340-C959-1470-FAF9DAF2A26F}
		{7D9E8FB2-5AC1-42F8-972C-7DC6B05E1D50} = {E65AE67F-2340-C959-1470-FAF9DAF2A26F}
		{D4E21DA6-A981-4A88-B75C-96E0FD45D354} = {E65AE67F-2340-C959-1470-FAF9DAF2A26F}
		{B182E6EE-2BCB-44F0-BBF5-10ED6CC2E0E8} = {E65AE67F-2340-C959-1470-FAF9DAF2A26F}
		{273A77F0-6AC8-4772-89F2-1FD9105BB2A3} = {E65AE67F-2340-C959-1470-FAF9DAF2A26F}
		{395AD1AE-5EB2-EB2E-6D68-5224D73F37ED} = {1056330D-E7ED-636E-D487-14786E55E509}
		{04586930-FB09-4763-B48E-FD73414E6C28} = {395AD1AE-5EB2-EB2E-6D68-5224D73F37ED}
		{EF9D6F1D-EDAC-4EA0-9D24-8789B071C8FE} = {395AD1AE-5EB2-EB2E-6D68-5224D73F37ED}
		{FBE84187-BE1C-9E1C-F4F6-2737BE94BBEE} = {41C58E5C-613A-00B5-B171-5FD54C5C475F}
		{E722E0E2-ED79-413E-83DE-38C0DE6B5CC7} = {FBE84187-BE1C-9E1C-F4F6-2737BE94BBEE}
		{2495EBA9-F6FA-4EEE-ABF8-959E9F0B1E12} = {FBE84187-BE1C-9E1C-F4F6-2737BE94BBEE}
		{B7E76DAE-A297-4C54-8EA8-C64D6C6B4905} = {FBE84187-BE1C-9E1C-F4F6-2737BE94BBEE}
		{E973CC05-1654-4D5D-958E-91D5131C5E42} = {FBE84187-BE1C-9E1C-F4F6-2737BE94BBEE}
		{F50BF854-BB38-BE7A-2DD4-6B7819901E83} = {41C58E5C-613A-00B5-B171-5FD54C5C475F}
		{E80CA44E-E7BE-437C-8D19-F48092F554B9} = {F50BF854-BB38-BE7A-2DD4-6B7819901E83}
		{E041CFD1-C69C-4B31-90AC-ACF5EB9F10EB} = {395AD1AE-5EB2-EB2E-6D68-5224D73F37ED}
		{ECAC6128-790B-439A-8BCE-813EE1F56884} = {395AD1AE-5EB2-EB2E-6D68-5224D73F37ED}
	EndGlobalSection
EndGlobal
