
Microsoft Visual Studio Solution File, Format Version 12.00
# Visual Studio Version 17
VisualStudioVersion = 17.0.31903.59
MinimumVisualStudioVersion = 10.0.40219.1
Project("{2150E333-8FDC-42A3-9474-1A3956D46DE8}") = "src", "src", "{720F3DBC-E088-41C7-9D36-62AEE261795B}"
EndProject
Project("{FAE04EC0-301F-11D3-BF4B-00C04F79EFBC}") = "LMS.API", "src\LMS.API\LMS.API.csproj", "{0DB804F5-F50F-4B4E-A792-B9D7046B6D90}"
EndProject
Project("{FAE04EC0-301F-11D3-BF4B-00C04F79EFBC}") = "LMS.Application", "src\LMS.Application\LMS.Application.csproj", "{BDF35F88-1C76-43E4-88C2-6AB52530D4B9}"
EndProject
Project("{FAE04EC0-301F-11D3-BF4B-00C04F79EFBC}") = "LMS.Domain", "src\LMS.Domain\LMS.Domain.csproj", "{980DD552-61B4-420B-8F17-007738CDA9FC}"
EndProject
Project("{FAE04EC0-301F-11D3-BF4B-00C04F79EFBC}") = "LMS.Infrastructure", "src\LMS.Infrastructure\LMS.Infrastructure.csproj", "{71B29006-97FA-4CEF-9DA3-9B9E327CE837}"
EndProject
Project("{FAE04EC0-301F-11D3-BF4B-00C04F79EFBC}") = "LMS.Shared", "src\LMS.Shared\LMS.Shared.csproj", "{238C7C96-D115-452A-9AFD-06784E17D68F}"
EndProject
Project("{2150E333-8FDC-42A3-9474-1A3956D46DE8}") = "tests", "tests", "{6555AA8A-EF31-42A4-8140-736C0CD5A98A}"
EndProject
Project("{FAE04EC0-301F-11D3-BF4B-00C04F79EFBC}") = "LMS.API.IntegrationTests", "tests\LMS.API.IntegrationTests\LMS.API.IntegrationTests.csproj", "{2E19AF6B-2344-43F9-A563-7EAA744F0298}"
EndProject
Project("{FAE04EC0-301F-11D3-BF4B-00C04F79EFBC}") = "LMS.Application.UnitTests", "tests\LMS.Application.UnitTests\LMS.Application.UnitTests.csproj", "{84A56444-D3AC-49A2-BD10-D890129D0B68}"
EndProject
Global
	GlobalSection(SolutionConfigurationPlatforms) = preSolution
		Debug|Any CPU = Debug|Any CPU
		Release|Any CPU = Release|Any CPU
	EndGlobalSection
	GlobalSection(SolutionProperties) = preSolution
		HideSolutionNode = FALSE
	EndGlobalSection
	GlobalSection(ProjectConfigurationPlatforms) = postSolution
		{0DB804F5-F50F-4B4E-A792-B9D7046B6D90}.Debug|Any CPU.ActiveCfg = Debug|Any CPU
		{0DB804F5-F50F-4B4E-A792-B9D7046B6D90}.Debug|Any CPU.Build.0 = Debug|Any CPU
		{0DB804F5-F50F-4B4E-A792-B9D7046B6D90}.Release|Any CPU.ActiveCfg = Release|Any CPU
		{0DB804F5-F50F-4B4E-A792-B9D7046B6D90}.Release|Any CPU.Build.0 = Release|Any CPU
		{BDF35F88-1C76-43E4-88C2-6AB52530D4B9}.Debug|Any CPU.ActiveCfg = Debug|Any CPU
		{BDF35F88-1C76-43E4-88C2-6AB52530D4B9}.Debug|Any CPU.Build.0 = Debug|Any CPU
		{BDF35F88-1C76-43E4-88C2-6AB52530D4B9}.Release|Any CPU.ActiveCfg = Release|Any CPU
		{BDF35F88-1C76-43E4-88C2-6AB52530D4B9}.Release|Any CPU.Build.0 = Release|Any CPU
		{980DD552-61B4-420B-8F17-007738CDA9FC}.Debug|Any CPU.ActiveCfg = Debug|Any CPU
		{980DD552-61B4-420B-8F17-007738CDA9FC}.Debug|Any CPU.Build.0 = Debug|Any CPU
		{980DD552-61B4-420B-8F17-007738CDA9FC}.Release|Any CPU.ActiveCfg = Release|Any CPU
		{980DD552-61B4-420B-8F17-007738CDA9FC}.Release|Any CPU.Build.0 = Release|Any CPU
		{71B29006-97FA-4CEF-9DA3-9B9E327CE837}.Debug|Any CPU.ActiveCfg = Debug|Any CPU
		{71B29006-97FA-4CEF-9DA3-9B9E327CE837}.Debug|Any CPU.Build.0 = Debug|Any CPU
		{71B29006-97FA-4CEF-9DA3-9B9E327CE837}.Release|Any CPU.ActiveCfg = Release|Any CPU
		{71B29006-97FA-4CEF-9DA3-9B9E327CE837}.Release|Any CPU.Build.0 = Release|Any CPU
		{238C7C96-D115-452A-9AFD-06784E17D68F}.Debug|Any CPU.ActiveCfg = Debug|Any CPU
		{238C7C96-D115-452A-9AFD-06784E17D68F}.Debug|Any CPU.Build.0 = Debug|Any CPU
		{238C7C96-D115-452A-9AFD-06784E17D68F}.Release|Any CPU.ActiveCfg = Release|Any CPU
		{238C7C96-D115-452A-9AFD-06784E17D68F}.Release|Any CPU.Build.0 = Release|Any CPU
		{2E19AF6B-2344-43F9-A563-7EAA744F0298}.Debug|Any CPU.ActiveCfg = Debug|Any CPU
		{2E19AF6B-2344-43F9-A563-7EAA744F0298}.Debug|Any CPU.Build.0 = Debug|Any CPU
		{2E19AF6B-2344-43F9-A563-7EAA744F0298}.Release|Any CPU.ActiveCfg = Release|Any CPU
		{2E19AF6B-2344-43F9-A563-7EAA744F0298}.Release|Any CPU.Build.0 = Release|Any CPU
		{84A56444-D3AC-49A2-BD10-D890129D0B68}.Debug|Any CPU.ActiveCfg = Debug|Any CPU
		{84A56444-D3AC-49A2-BD10-D890129D0B68}.Debug|Any CPU.Build.0 = Debug|Any CPU
		{84A56444-D3AC-49A2-BD10-D890129D0B68}.Release|Any CPU.ActiveCfg = Release|Any CPU
		{84A56444-D3AC-49A2-BD10-D890129D0B68}.Release|Any CPU.Build.0 = Release|Any CPU
	EndGlobalSection
	GlobalSection(NestedProjects) = preSolution
		{0DB804F5-F50F-4B4E-A792-B9D7046B6D90} = {720F3DBC-E088-41C7-9D36-62AEE261795B}
		{BDF35F88-1C76-43E4-88C2-6AB52530D4B9} = {720F3DBC-E088-41C7-9D36-62AEE261795B}
		{980DD552-61B4-420B-8F17-007738CDA9FC} = {720F3DBC-E088-41C7-9D36-62AEE261795B}
		{71B29006-97FA-4CEF-9DA3-9B9E327CE837} = {720F3DBC-E088-41C7-9D36-62AEE261795B}
		{238C7C96-D115-452A-9AFD-06784E17D68F} = {720F3DBC-E088-41C7-9D36-62AEE261795B}
		{2E19AF6B-2344-43F9-A563-7EAA744F0298} = {6555AA8A-EF31-42A4-8140-736C0CD5A98A}
		{84A56444-D3AC-49A2-BD10-D890129D0B68} = {6555AA8A-EF31-42A4-8140-736C0CD5A98A}
	EndGlobalSection
EndGlobal
